
Microsoft Visual Studio Solution File, Format Version 12.00
# Visual Studio Version 17
VisualStudioVersion = 17.5.002.0
MinimumVisualStudioVersion = 10.0.40219.1
Project("{9A19103F-16F7-4668-BE54-9A1E7A4F7556}") = "RembulatITELEC1C", "RembulatITELEC1C.csproj", "{786A7072-3D8F-4E19-BE98-E768DA9F26DB}"
EndProject
Global
	GlobalSection(SolutionConfigurationPlatforms) = preSolution
		Debug|Any CPU = Debug|Any CPU
		Release|Any CPU = Release|Any CPU
	EndGlobalSection
	GlobalSection(ProjectConfigurationPlatforms) = postSolution
		{786A7072-3D8F-4E19-BE98-E768DA9F26DB}.Debug|Any CPU.ActiveCfg = Debug|Any CPU
		{786A7072-3D8F-4E19-BE98-E768DA9F26DB}.Debug|Any CPU.Build.0 = Debug|Any CPU
		{786A7072-3D8F-4E19-BE98-E768DA9F26DB}.Release|Any CPU.ActiveCfg = Release|Any CPU
		{786A7072-3D8F-4E19-BE98-E768DA9F26DB}.Release|Any CPU.Build.0 = Release|Any CPU
	EndGlobalSection
	GlobalSection(SolutionProperties) = preSolution
		HideSolutionNode = FALSE
	EndGlobalSection
	GlobalSection(ExtensibilityGlobals) = postSolution
		SolutionGuid = {EF88A8B3-E5F0-4862-9DA0-FF68B31E4C86}
	EndGlobalSection
EndGlobal
